// !$*UTF8*$!
{
	archiveVersion = 1;
	classes = {
	};
	objectVersion = 46;
	objects = {

/* Begin PBXBuildFile section */
		B9D964C91F3F9A4E00924BDD /* AppDelegate.swift in Sources */ = {isa = PBXBuildFile; fileRef = B9D964C81F3F9A4E00924BDD /* AppDelegate.swift */; };
		B9D964CB1F3F9A4E00924BDD /* ViewController.swift in Sources */ = {isa = PBXBuildFile; fileRef = B9D964CA1F3F9A4E00924BDD /* ViewController.swift */; };
		B9D964CE1F3F9A4E00924BDD /* Main.storyboard in Resources */ = {isa = PBXBuildFile; fileRef = B9D964CC1F3F9A4E00924BDD /* Main.storyboard */; };
		B9D964D01F3F9A4E00924BDD /* Assets.xcassets in Resources */ = {isa = PBXBuildFile; fileRef = B9D964CF1F3F9A4E00924BDD /* Assets.xcassets */; };
		B9D964D31F3F9A4E00924BDD /* LaunchScreen.storyboard in Resources */ = {isa = PBXBuildFile; fileRef = B9D964D11F3F9A4E00924BDD /* LaunchScreen.storyboard */; };
		B9D964DC1F3FA98600924BDD /* fondoGym.png in Resources */ = {isa = PBXBuildFile; fileRef = B9D964DB1F3FA98600924BDD /* fondoGym.png */; };
		B9D964E51F3FCC9400924BDD /* CheckGym.xcdatamodeld in Sources */ = {isa = PBXBuildFile; fileRef = B9D964E31F3FCC9400924BDD /* CheckGym.xcdatamodeld */; };
		B9D964EA1F3FCDB300924BDD /* ButtonCheck.png in Resources */ = {isa = PBXBuildFile; fileRef = B9D964E61F3FCDB300924BDD /* ButtonCheck.png */; };
		B9D964EB1F3FCDB300924BDD /* CheckGym.png in Resources */ = {isa = PBXBuildFile; fileRef = B9D964E71F3FCDB300924BDD /* CheckGym.png */; };
		B9D964ED1F3FCDB300924BDD /* Oval.png in Resources */ = {isa = PBXBuildFile; fileRef = B9D964E91F3FCDB300924BDD /* Oval.png */; };
		B9D964F41F3FD2C200924BDD /* ABS.png in Resources */ = {isa = PBXBuildFile; fileRef = B9D964EE1F3FD2C200924BDD /* ABS.png */; };
		B9D964F51F3FD2C200924BDD /* ABSSelect.png in Resources */ = {isa = PBXBuildFile; fileRef = B9D964EF1F3FD2C200924BDD /* ABSSelect.png */; };
		B9D964F61F3FD2C200924BDD /* CARDIO.png in Resources */ = {isa = PBXBuildFile; fileRef = B9D964F01F3FD2C200924BDD /* CARDIO.png */; };
		B9D964F71F3FD2C200924BDD /* CARDIOSelect.png in Resources */ = {isa = PBXBuildFile; fileRef = B9D964F11F3FD2C200924BDD /* CARDIOSelect.png */; };
		B9D964F81F3FD2C200924BDD /* SPA.png in Resources */ = {isa = PBXBuildFile; fileRef = B9D964F21F3FD2C200924BDD /* SPA.png */; };
		B9D964F91F3FD2C200924BDD /* SPASelect.png in Resources */ = {isa = PBXBuildFile; fileRef = B9D964F31F3FD2C200924BDD /* SPASelect.png */; };
/* End PBXBuildFile section */

/* Begin PBXFileReference section */
		B9D964C51F3F9A4E00924BDD /* CheckGym.app */ = {isa = PBXFileReference; explicitFileType = wrapper.application; includeInIndex = 0; path = CheckGym.app; sourceTree = BUILT_PRODUCTS_DIR; };
		B9D964C81F3F9A4E00924BDD /* AppDelegate.swift */ = {isa = PBXFileReference; lastKnownFileType = sourcecode.swift; path = AppDelegate.swift; sourceTree = "<group>"; };
		B9D964CA1F3F9A4E00924BDD /* ViewController.swift */ = {isa = PBXFileReference; lastKnownFileType = sourcecode.swift; path = ViewController.swift; sourceTree = "<group>"; };
		B9D964CD1F3F9A4E00924BDD /* Base */ = {isa = PBXFileReference; lastKnownFileType = file.storyboard; name = Base; path = Base.lproj/Main.storyboard; sourceTree = "<group>"; };
		B9D964CF1F3F9A4E00924BDD /* Assets.xcassets */ = {isa = PBXFileReference; lastKnownFileType = folder.assetcatalog; path = Assets.xcassets; sourceTree = "<group>"; };
		B9D964D21F3F9A4E00924BDD /* Base */ = {isa = PBXFileReference; lastKnownFileType = file.storyboard; name = Base; path = Base.lproj/LaunchScreen.storyboard; sourceTree = "<group>"; };
		B9D964D41F3F9A4E00924BDD /* Info.plist */ = {isa = PBXFileReference; lastKnownFileType = text.plist.xml; path = Info.plist; sourceTree = "<group>"; };
		B9D964DB1F3FA98600924BDD /* fondoGym.png */ = {isa = PBXFileReference; lastKnownFileType = image.png; name = fondoGym.png; path = CheckGym/Resources/fondoGym.png; sourceTree = "<group>"; };
		B9D964E41F3FCC9400924BDD /* CheckGym.xcdatamodel */ = {isa = PBXFileReference; lastKnownFileType = wrapper.xcdatamodel; path = CheckGym.xcdatamodel; sourceTree = "<group>"; };
		B9D964E61F3FCDB300924BDD /* ButtonCheck.png */ = {isa = PBXFileReference; lastKnownFileType = image.png; name = ButtonCheck.png; path = CheckGym/Resources/ButtonCheck.png; sourceTree = "<group>"; };
		B9D964E71F3FCDB300924BDD /* CheckGym.png */ = {isa = PBXFileReference; lastKnownFileType = image.png; name = CheckGym.png; path = CheckGym/Resources/CheckGym.png; sourceTree = "<group>"; };
		B9D964E91F3FCDB300924BDD /* Oval.png */ = {isa = PBXFileReference; lastKnownFileType = image.png; name = Oval.png; path = CheckGym/Resources/Oval.png; sourceTree = "<group>"; };
		B9D964EE1F3FD2C200924BDD /* ABS.png */ = {isa = PBXFileReference; lastKnownFileType = image.png; name = ABS.png; path = CheckGym/Resources/ABS.png; sourceTree = "<group>"; };
		B9D964EF1F3FD2C200924BDD /* ABSSelect.png */ = {isa = PBXFileReference; lastKnownFileType = image.png; name = ABSSelect.png; path = CheckGym/Resources/ABSSelect.png; sourceTree = "<group>"; };
		B9D964F01F3FD2C200924BDD /* CARDIO.png */ = {isa = PBXFileReference; lastKnownFileType = image.png; name = CARDIO.png; path = CheckGym/Resources/CARDIO.png; sourceTree = "<group>"; };
		B9D964F11F3FD2C200924BDD /* CARDIOSelect.png */ = {isa = PBXFileReference; lastKnownFileType = image.png; name = CARDIOSelect.png; path = CheckGym/Resources/CARDIOSelect.png; sourceTree = "<group>"; };
		B9D964F21F3FD2C200924BDD /* SPA.png */ = {isa = PBXFileReference; lastKnownFileType = image.png; name = SPA.png; path = CheckGym/Resources/SPA.png; sourceTree = "<group>"; };
		B9D964F31F3FD2C200924BDD /* SPASelect.png */ = {isa = PBXFileReference; lastKnownFileType = image.png; name = SPASelect.png; path = CheckGym/Resources/SPASelect.png; sourceTree = "<group>"; };
/* End PBXFileReference section */

/* Begin PBXFrameworksBuildPhase section */
		B9D964C21F3F9A4E00924BDD /* Frameworks */ = {
			isa = PBXFrameworksBuildPhase;
			buildActionMask = 2147483647;
			files = (
			);
			runOnlyForDeploymentPostprocessing = 0;
		};
/* End PBXFrameworksBuildPhase section */

/* Begin PBXGroup section */
		B9D964BC1F3F9A4E00924BDD = {
			isa = PBXGroup;
			children = (
				B9D964DA1F3FA94500924BDD /* Resources */,
				B9D964C71F3F9A4E00924BDD /* CheckGym */,
				B9D964C61F3F9A4E00924BDD /* Products */,
			);
			sourceTree = "<group>";
		};
		B9D964C61F3F9A4E00924BDD /* Products */ = {
			isa = PBXGroup;
			children = (
				B9D964C51F3F9A4E00924BDD /* CheckGym.app */,
			);
			name = Products;
			sourceTree = "<group>";
		};
		B9D964C71F3F9A4E00924BDD /* CheckGym */ = {
			isa = PBXGroup;
			children = (
				B9D964C81F3F9A4E00924BDD /* AppDelegate.swift */,
				B9D964CA1F3F9A4E00924BDD /* ViewController.swift */,
				B9D964CC1F3F9A4E00924BDD /* Main.storyboard */,
				B9D964CF1F3F9A4E00924BDD /* Assets.xcassets */,
				B9D964D11F3F9A4E00924BDD /* LaunchScreen.storyboard */,
				B9D964D41F3F9A4E00924BDD /* Info.plist */,
				B9D964E31F3FCC9400924BDD /* CheckGym.xcdatamodeld */,
			);
			path = CheckGym;
			sourceTree = "<group>";
		};
		B9D964DA1F3FA94500924BDD /* Resources */ = {
			isa = PBXGroup;
			children = (
				B9D964E61F3FCDB300924BDD /* ButtonCheck.png */,
				B9D964E71F3FCDB300924BDD /* CheckGym.png */,
				B9D964E91F3FCDB300924BDD /* Oval.png */,
				B9D964DB1F3FA98600924BDD /* fondoGym.png */,
				B9D964EE1F3FD2C200924BDD /* ABS.png */,
				B9D964EF1F3FD2C200924BDD /* ABSSelect.png */,
				B9D964F01F3FD2C200924BDD /* CARDIO.png */,
				B9D964F11F3FD2C200924BDD /* CARDIOSelect.png */,
				B9D964F21F3FD2C200924BDD /* SPA.png */,
				B9D964F31F3FD2C200924BDD /* SPASelect.png */,
			);
			name = Resources;
			sourceTree = "<group>";
		};
/* End PBXGroup section */

/* Begin PBXNativeTarget section */
		B9D964C41F3F9A4E00924BDD /* CheckGym */ = {
			isa = PBXNativeTarget;
			buildConfigurationList = B9D964D71F3F9A4E00924BDD /* Build configuration list for PBXNativeTarget "CheckGym" */;
			buildPhases = (
				B9D964C11F3F9A4E00924BDD /* Sources */,
				B9D964C21F3F9A4E00924BDD /* Frameworks */,
				B9D964C31F3F9A4E00924BDD /* Resources */,
			);
			buildRules = (
			);
			dependencies = (
			);
			name = CheckGym;
			productName = CheckGym;
			productReference = B9D964C51F3F9A4E00924BDD /* CheckGym.app */;
			productType = "com.apple.product-type.application";
		};
/* End PBXNativeTarget section */

/* Begin PBXProject section */
		B9D964BD1F3F9A4E00924BDD /* Project object */ = {
			isa = PBXProject;
			attributes = {
				LastSwiftUpdateCheck = 0830;
				LastUpgradeCheck = 0830;
				ORGANIZATIONNAME = RoninRise;
				TargetAttributes = {
					B9D964C41F3F9A4E00924BDD = {
						CreatedOnToolsVersion = 8.3.3;
						DevelopmentTeam = 8MBV4UU4DV;
						ProvisioningStyle = Automatic;
					};
				};
			};
			buildConfigurationList = B9D964C01F3F9A4E00924BDD /* Build configuration list for PBXProject "CheckGym" */;
			compatibilityVersion = "Xcode 3.2";
			developmentRegion = English;
			hasScannedForEncodings = 0;
			knownRegions = (
				en,
				Base,
			);
			mainGroup = B9D964BC1F3F9A4E00924BDD;
			productRefGroup = B9D964C61F3F9A4E00924BDD /* Products */;
			projectDirPath = "";
			projectRoot = "";
			targets = (
				B9D964C41F3F9A4E00924BDD /* CheckGym */,
			);
		};
/* End PBXProject section */

/* Begin PBXResourcesBuildPhase section */
		B9D964C31F3F9A4E00924BDD /* Resources */ = {
			isa = PBXResourcesBuildPhase;
			buildActionMask = 2147483647;
			files = (
				B9D964F91F3FD2C200924BDD /* SPASelect.png in Resources */,
				B9D964F51F3FD2C200924BDD /* ABSSelect.png in Resources */,
				B9D964F41F3FD2C200924BDD /* ABS.png in Resources */,
				B9D964D31F3F9A4E00924BDD /* LaunchScreen.storyboard in Resources */,
				B9D964D01F3F9A4E00924BDD /* Assets.xcassets in Resources */,
				B9D964EA1F3FCDB300924BDD /* ButtonCheck.png in Resources */,
				B9D964EB1F3FCDB300924BDD /* CheckGym.png in Resources */,
				B9D964F81F3FD2C200924BDD /* SPA.png in Resources */,
				B9D964ED1F3FCDB300924BDD /* Oval.png in Resources */,
				B9D964F71F3FD2C200924BDD /* CARDIOSelect.png in Resources */,
				B9D964F61F3FD2C200924BDD /* CARDIO.png in Resources */,
				B9D964DC1F3FA98600924BDD /* fondoGym.png in Resources */,
				B9D964CE1F3F9A4E00924BDD /* Main.storyboard in Resources */,
			);
			runOnlyForDeploymentPostprocessing = 0;
		};
/* End PBXResourcesBuildPhase section */

/* Begin PBXSourcesBuildPhase section */
		B9D964C11F3F9A4E00924BDD /* Sources */ = {
			isa = PBXSourcesBuildPhase;
			buildActionMask = 2147483647;
			files = (
				B9D964E51F3FCC9400924BDD /* CheckGym.xcdatamodeld in Sources */,
				B9D964CB1F3F9A4E00924BDD /* ViewController.swift in Sources */,
				B9D964C91F3F9A4E00924BDD /* AppDelegate.swift in Sources */,
			);
			runOnlyForDeploymentPostprocessing = 0;
		};
/* End PBXSourcesBuildPhase section */

/* Begin PBXVariantGroup section */
		B9D964CC1F3F9A4E00924BDD /* Main.storyboard */ = {
			isa = PBXVariantGroup;
			children = (
				B9D964CD1F3F9A4E00924BDD /* Base */,
			);
			name = Main.storyboard;
			sourceTree = "<group>";
		};
		B9D964D11F3F9A4E00924BDD /* LaunchScreen.storyboard */ = {
			isa = PBXVariantGroup;
			children = (
				B9D964D21F3F9A4E00924BDD /* Base */,
			);
			name = LaunchScreen.storyboard;
			sourceTree = "<group>";
		};
/* End PBXVariantGroup section */

/* Begin XCBuildConfiguration section */
		B9D964D51F3F9A4E00924BDD /* Debug */ = {
			isa = XCBuildConfiguration;
			buildSettings = {
				ALWAYS_SEARCH_USER_PATHS = NO;
				CLANG_ANALYZER_NONNULL = YES;
				CLANG_ANALYZER_NUMBER_OBJECT_CONVERSION = YES_AGGRESSIVE;
				CLANG_CXX_LANGUAGE_STANDARD = "gnu++0x";
				CLANG_CXX_LIBRARY = "libc++";
				CLANG_ENABLE_MODULES = YES;
				CLANG_ENABLE_OBJC_ARC = YES;
				CLANG_WARN_BOOL_CONVERSION = YES;
				CLANG_WARN_CONSTANT_CONVERSION = YES;
				CLANG_WARN_DIRECT_OBJC_ISA_USAGE = YES_ERROR;
				CLANG_WARN_DOCUMENTATION_COMMENTS = YES;
				CLANG_WARN_EMPTY_BODY = YES;
				CLANG_WARN_ENUM_CONVERSION = YES;
				CLANG_WARN_INFINITE_RECURSION = YES;
				CLANG_WARN_INT_CONVERSION = YES;
				CLANG_WARN_OBJC_ROOT_CLASS = YES_ERROR;
				CLANG_WARN_SUSPICIOUS_MOVE = YES;
				CLANG_WARN_UNREACHABLE_CODE = YES;
				CLANG_WARN__DUPLICATE_METHOD_MATCH = YES;
				"CODE_SIGN_IDENTITY[sdk=iphoneos*]" = "iPhone Developer";
				COPY_PHASE_STRIP = NO;
				DEBUG_INFORMATION_FORMAT = dwarf;
				ENABLE_STRICT_OBJC_MSGSEND = YES;
				ENABLE_TESTABILITY = YES;
				GCC_C_LANGUAGE_STANDARD = gnu99;
				GCC_DYNAMIC_NO_PIC = NO;
				GCC_NO_COMMON_BLOCKS = YES;
				GCC_OPTIMIZATION_LEVEL = 0;
				GCC_PREPROCESSOR_DEFINITIONS = (
					"DEBUG=1",
					"$(inherited)",
				);
				GCC_WARN_64_TO_32_BIT_CONVERSION = YES;
				GCC_WARN_ABOUT_RETURN_TYPE = YES_ERROR;
				GCC_WARN_UNDECLARED_SELECTOR = YES;
				GCC_WARN_UNINITIALIZED_AUTOS = YES_AGGRESSIVE;
				GCC_WARN_UNUSED_FUNCTION = YES;
				GCC_WARN_UNUSED_VARIABLE = YES;
				IPHONEOS_DEPLOYMENT_TARGET = 10.3;
				MTL_ENABLE_DEBUG_INFO = YES;
				ONLY_ACTIVE_ARCH = YES;
				SDKROOT = iphoneos;
				SWIFT_ACTIVE_COMPILATION_CONDITIONS = DEBUG;
				SWIFT_OPTIMIZATION_LEVEL = "-Onone";
			};
			name = Debug;
		};
		B9D964D61F3F9A4E00924BDD /* Release */ = {
			isa = XCBuildConfiguration;
			buildSettings = {
				ALWAYS_SEARCH_USER_PATHS = NO;
				CLANG_ANALYZER_NONNULL = YES;
				CLANG_ANALYZER_NUMBER_OBJECT_CONVERSION = YES_AGGRESSIVE;
				CLANG_CXX_LANGUAGE_STANDARD = "gnu++0x";
				CLANG_CXX_LIBRARY = "libc++";
				CLANG_ENABLE_MODULES = YES;
				CLANG_ENABLE_OBJC_ARC = YES;
				CLANG_WARN_BOOL_CONVERSION = YES;
				CLANG_WARN_CONSTANT_CONVERSION = YES;
				CLANG_WARN_DIRECT_OBJC_ISA_USAGE = YES_ERROR;
				CLANG_WARN_DOCUMENTATION_COMMENTS = YES;
				CLANG_WARN_EMPTY_BODY = YES;
				CLANG_WARN_ENUM_CONVERSION = YES;
				CLANG_WARN_INFINITE_RECURSION = YES;
				CLANG_WARN_INT_CONVERSION = YES;
				CLANG_WARN_OBJC_ROOT_CLASS = YES_ERROR;
				CLANG_WARN_SUSPICIOUS_MOVE = YES;
				CLANG_WARN_UNREACHABLE_CODE = YES;
				CLANG_WARN__DUPLICATE_METHOD_MATCH = YES;
				"CODE_SIGN_IDENTITY[sdk=iphoneos*]" = "iPhone Developer";
				COPY_PHASE_STRIP = NO;
				DEBUG_INFORMATION_FORMAT = "dwarf-with-dsym";
				ENABLE_NS_ASSERTIONS = NO;
				ENABLE_STRICT_OBJC_MSGSEND = YES;
				GCC_C_LANGUAGE_STANDARD = gnu99;
				GCC_NO_COMMON_BLOCKS = YES;
				GCC_WARN_64_TO_32_BIT_CONVERSION = YES;
				GCC_WARN_ABOUT_RETURN_TYPE = YES_ERROR;
				GCC_WARN_UNDECLARED_SELECTOR = YES;
				GCC_WARN_UNINITIALIZED_AUTOS = YES_AGGRESSIVE;
				GCC_WARN_UNUSED_FUNCTION = YES;
				GCC_WARN_UNUSED_VARIABLE = YES;
				IPHONEOS_DEPLOYMENT_TARGET = 10.3;
				MTL_ENABLE_DEBUG_INFO = NO;
				SDKROOT = iphoneos;
				SWIFT_OPTIMIZATION_LEVEL = "-Owholemodule";
				VALIDATE_PRODUCT = YES;
			};
			name = Release;
		};
		B9D964D81F3F9A4E00924BDD /* Debug */ = {
			isa = XCBuildConfiguration;
			buildSettings = {
				ASSETCATALOG_COMPILER_APPICON_NAME = AppIcon;
				DEVELOPMENT_TEAM = 8MBV4UU4DV;
				INFOPLIST_FILE = CheckGym/Info.plist;
				LD_RUNPATH_SEARCH_PATHS = "$(inherited) @executable_path/Frameworks";
				PRODUCT_BUNDLE_IDENTIFIER = Doverride.CheckGym;
				PRODUCT_NAME = "$(TARGET_NAME)";
				SWIFT_VERSION = 3.0;
			};
			name = Debug;
		};
		B9D964D91F3F9A4E00924BDD /* Release */ = {
			isa = XCBuildConfiguration;
			buildSettings = {
				ASSETCATALOG_COMPILER_APPICON_NAME = AppIcon;
				DEVELOPMENT_TEAM = 8MBV4UU4DV;
				INFOPLIST_FILE = CheckGym/Info.plist;
				LD_RUNPATH_SEARCH_PATHS = "$(inherited) @executable_path/Frameworks";
				PRODUCT_BUNDLE_IDENTIFIER = Doverride.CheckGym;
				PRODUCT_NAME = "$(TARGET_NAME)";
				SWIFT_VERSION = 3.0;
			};
			name = Release;
		};
/* End XCBuildConfiguration section */

/* Begin XCConfigurationList section */
		B9D964C01F3F9A4E00924BDD /* Build configuration list for PBXProject "CheckGym" */ = {
			isa = XCConfigurationList;
			buildConfigurations = (
				B9D964D51F3F9A4E00924BDD /* Debug */,
				B9D964D61F3F9A4E00924BDD /* Release */,
			);
			defaultConfigurationIsVisible = 0;
			defaultConfigurationName = Release;
		};
		B9D964D71F3F9A4E00924BDD /* Build configuration list for PBXNativeTarget "CheckGym" */ = {
			isa = XCConfigurationList;
			buildConfigurations = (
				B9D964D81F3F9A4E00924BDD /* Debug */,
				B9D964D91F3F9A4E00924BDD /* Release */,
			);
			defaultConfigurationIsVisible = 0;
			defaultConfigurationName = Release;
		};
/* End XCConfigurationList section */

/* Begin XCVersionGroup section */
		B9D964E31F3FCC9400924BDD /* CheckGym.xcdatamodeld */ = {
			isa = XCVersionGroup;
			children = (
				B9D964E41F3FCC9400924BDD /* CheckGym.xcdatamodel */,
			);
			currentVersion = B9D964E41F3FCC9400924BDD /* CheckGym.xcdatamodel */;
			path = CheckGym.xcdatamodeld;
			sourceTree = "<group>";
			versionGroupType = wrapper.xcdatamodel;
		};
/* End XCVersionGroup section */
	};
	rootObject = B9D964BD1F3F9A4E00924BDD /* Project object */;
}
